
Microsoft Visual Studio Solution File, Format Version 12.00
# Visual Studio 2013
VisualStudioVersion = 12.0.21005.1
MinimumVisualStudioVersion = 10.0.40219.1
Project("{FAE04EC0-301F-11D3-BF4B-00C04F79EFBC}") = "Geo.Itineraries", "Geo.Itineraries\Geo.Itineraries.csproj", "{89ED9EAA-3368-4BCE-8ACB-22F8D5FC0241}"
EndProject
Project("{FAE04EC0-301F-11D3-BF4B-00C04F79EFBC}") = "Geo.Itineraries.Tests.Unit", "Geo.Itineraries.Tests.Unit\Geo.Itineraries.Tests.Unit.csproj", "{F0509796-C727-4CD5-9A1F-1718BADA52C2}"
EndProject
Project("{FAE04EC0-301F-11D3-BF4B-00C04F79EFBC}") = "Geo.Itineraries.Web", "Geo.Itineraries.Web\Geo.Itineraries.Web.csproj", "{D033A39D-EA8D-46C1-AEE4-45B14205E529}"
EndProject
Project("{FAE04EC0-301F-11D3-BF4B-00C04F79EFBC}") = "Geo.Itineraries.IntegrationTests", "Geo.Itineraries.IntegrationTests\Geo.Itineraries.IntegrationTests.csproj", "{1BE39C86-CA10-4AFB-AC3F-ED8D551FBA92}"
EndProject
Global
	GlobalSection(SolutionConfigurationPlatforms) = preSolution
		Debug|Any CPU = Debug|Any CPU
		Release|Any CPU = Release|Any CPU
	EndGlobalSection
	GlobalSection(ProjectConfigurationPlatforms) = postSolution
		{89ED9EAA-3368-4BCE-8ACB-22F8D5FC0241}.Debug|Any CPU.ActiveCfg = Debug|Any CPU
		{89ED9EAA-3368-4BCE-8ACB-22F8D5FC0241}.Debug|Any CPU.Build.0 = Debug|Any CPU
		{89ED9EAA-3368-4BCE-8ACB-22F8D5FC0241}.Release|Any CPU.ActiveCfg = Release|Any CPU
		{89ED9EAA-3368-4BCE-8ACB-22F8D5FC0241}.Release|Any CPU.Build.0 = Release|Any CPU
		{F0509796-C727-4CD5-9A1F-1718BADA52C2}.Debug|Any CPU.ActiveCfg = Debug|Any CPU
		{F0509796-C727-4CD5-9A1F-1718BADA52C2}.Debug|Any CPU.Build.0 = Debug|Any CPU
		{F0509796-C727-4CD5-9A1F-1718BADA52C2}.Release|Any CPU.ActiveCfg = Release|Any CPU
		{F0509796-C727-4CD5-9A1F-1718BADA52C2}.Release|Any CPU.Build.0 = Release|Any CPU
		{D033A39D-EA8D-46C1-AEE4-45B14205E529}.Debug|Any CPU.ActiveCfg = Debug|Any CPU
		{D033A39D-EA8D-46C1-AEE4-45B14205E529}.Debug|Any CPU.Build.0 = Debug|Any CPU
		{D033A39D-EA8D-46C1-AEE4-45B14205E529}.Release|Any CPU.ActiveCfg = Release|Any CPU
		{D033A39D-EA8D-46C1-AEE4-45B14205E529}.Release|Any CPU.Build.0 = Release|Any CPU
		{1BE39C86-CA10-4AFB-AC3F-ED8D551FBA92}.Debug|Any CPU.ActiveCfg = Debug|Any CPU
		{1BE39C86-CA10-4AFB-AC3F-ED8D551FBA92}.Debug|Any CPU.Build.0 = Debug|Any CPU
		{1BE39C86-CA10-4AFB-AC3F-ED8D551FBA92}.Release|Any CPU.ActiveCfg = Release|Any CPU
		{1BE39C86-CA10-4AFB-AC3F-ED8D551FBA92}.Release|Any CPU.Build.0 = Release|Any CPU
	EndGlobalSection
	GlobalSection(SolutionProperties) = preSolution
		HideSolutionNode = FALSE
	EndGlobalSection
EndGlobal
